github.com/samber/lo v1.21.0 h1:FSby8pJQtX4KmyddTCCGhc3JvnnIVrDA+NW37rG+7G8=
github.com/samber/lo v1.21.0/go.mod h1:2I7tgIv8Q1SG2xEIkRq0F2i2zgxVpnyPOP0d3Gj2r+A=
github.com/segmentio/fasthash v1.0.3 h1:EI9+KE1EwvMLBWwjpRDc+fEM+prwxDYbslddQGtrmhM=
github.com/segmentio/fasthash v1.0.3/go.mod h1:waKX8l2N8yckOgmSsXJi7x1ZfdKZ4x7KRMzBtS3oedY=
github.com/zyedidia/generic v1.0.0 h1:uZL4/2Pv014Cb8bJQuvh30toyaFZ9WpCPg6pIhPu47o=
github.com/zyedidia/generic v1.0.0/go.mod h1:ly2RBz4mnz1yeuVbQA/VFwGjK3mnHGRj1JuoG336Bis=
golang.org/x/exp v0.0.0-20220518171630-0b5c67f07fdf h1:oXVg4h2qJDd9htKxb5SCpFBHLipW6hXmL3qpUixS2jw=
golang.org/x/exp v0.0.0-20220518171630-0b5c67f07fdf/go.mod h1:yh0Ynu2b5ZUe3MQfp2nM0ecK7wsgouWTDN0FNeJuIys=
